
Microsoft Visual Studio Solution File, Format Version 12.00
# Visual Studio 14
VisualStudioVersion = 14.0.25123.0
MinimumVisualStudioVersion = 10.0.40219.1
Project("{FAE04EC0-301F-11D3-BF4B-00C04F79EFBC}") = "Win9PTest", "Win9PTest\Win9PTest.csproj", "{EFD6AAAB-707C-437C-B5F3-59990276D7A3}"
	ProjectSection(ProjectDependencies) = postProject
		{12DD4614-0F72-4DEB-A9D1-37D825B9A07B} = {12DD4614-0F72-4DEB-A9D1-37D825B9A07B}
	EndProjectSection
EndProject
Project("{FAE04EC0-301F-11D3-BF4B-00C04F79EFBC}") = "Win9P", "Win9P\Win9P.csproj", "{12DD4614-0F72-4DEB-A9D1-37D825B9A07B}"
EndProject
Project("{FAE04EC0-301F-11D3-BF4B-00C04F79EFBC}") = "w9p", "w9p\w9p.csproj", "{D3BC593E-9539-4BFD-BE80-87CE1DF87048}"
EndProject
Global
	GlobalSection(SolutionConfigurationPlatforms) = preSolution
		Debug|Any CPU = Debug|Any CPU
		Release|Any CPU = Release|Any CPU
	EndGlobalSection
	GlobalSection(ProjectConfigurationPlatforms) = postSolution
		{EFD6AAAB-707C-437C-B5F3-59990276D7A3}.Debug|Any CPU.ActiveCfg = Debug|Any CPU
		{EFD6AAAB-707C-437C-B5F3-59990276D7A3}.Debug|Any CPU.Build.0 = Debug|Any CPU
		{EFD6AAAB-707C-437C-B5F3-59990276D7A3}.Release|Any CPU.ActiveCfg = Release|Any CPU
		{EFD6AAAB-707C-437C-B5F3-59990276D7A3}.Release|Any CPU.Build.0 = Release|Any CPU
		{12DD4614-0F72-4DEB-A9D1-37D825B9A07B}.Debug|Any CPU.ActiveCfg = Debug|Any CPU
		{12DD4614-0F72-4DEB-A9D1-37D825B9A07B}.Debug|Any CPU.Build.0 = Debug|Any CPU
		{12DD4614-0F72-4DEB-A9D1-37D825B9A07B}.Release|Any CPU.ActiveCfg = Release|Any CPU
		{12DD4614-0F72-4DEB-A9D1-37D825B9A07B}.Release|Any CPU.Build.0 = Release|Any CPU
		{D3BC593E-9539-4BFD-BE80-87CE1DF87048}.Debug|Any CPU.ActiveCfg = Debug|Any CPU
		{D3BC593E-9539-4BFD-BE80-87CE1DF87048}.Debug|Any CPU.Build.0 = Debug|Any CPU
		{D3BC593E-9539-4BFD-BE80-87CE1DF87048}.Release|Any CPU.ActiveCfg = Release|Any CPU
		{D3BC593E-9539-4BFD-BE80-87CE1DF87048}.Release|Any CPU.Build.0 = Release|Any CPU
	EndGlobalSection
	GlobalSection(SolutionProperties) = preSolution
		HideSolutionNode = FALSE
	EndGlobalSection
EndGlobal
